
Microsoft Visual Studio Solution File, Format Version 12.00
# Visual Studio 15
VisualStudioVersion = 15.0.27130.2027
MinimumVisualStudioVersion = 10.0.40219.1
Project("{FAE04EC0-301F-11D3-BF4B-00C04F79EFBC}") = "Printer", "Printer\Printer.csproj", "{349DBCB1-1362-4F48-98C0-F7F00F524CAF}"
EndProject
Global
	GlobalSection(SolutionConfigurationPlatforms) = preSolution
		Debug|Any CPU = Debug|Any CPU
		Release|Any CPU = Release|Any CPU
	EndGlobalSection
	GlobalSection(ProjectConfigurationPlatforms) = postSolution
		{349DBCB1-1362-4F48-98C0-F7F00F524CAF}.Debug|Any CPU.ActiveCfg = Debug|Any CPU
		{349DBCB1-1362-4F48-98C0-F7F00F524CAF}.Debug|Any CPU.Build.0 = Debug|Any CPU
		{349DBCB1-1362-4F48-98C0-F7F00F524CAF}.Release|Any CPU.ActiveCfg = Release|Any CPU
		{349DBCB1-1362-4F48-98C0-F7F00F524CAF}.Release|Any CPU.Build.0 = Release|Any CPU
	EndGlobalSection
	GlobalSection(SolutionProperties) = preSolution
		HideSolutionNode = FALSE
	EndGlobalSection
	GlobalSection(ExtensibilityGlobals) = postSolution
		SolutionGuid = {6AD18F79-8BCD-493B-835D-8E6BCB3AC5C5}
	EndGlobalSection
EndGlobal
